
Microsoft Visual Studio Solution File, Format Version 12.00
# Visual Studio 15
VisualStudioVersion = 15.0.26730.3
MinimumVisualStudioVersion = 10.0.40219.1
Project("{8BC9CEB8-8B4A-11D0-8D11-00A0C91BC942}") = "CPPEngine2.0", "CPPEngine2.0\CPPEngine2.0.vcxproj", "{D1D84B4C-3E16-437C-A9F5-C9193C2FAB1B}"
EndProject
Global
	GlobalSection(SolutionConfigurationPlatforms) = preSolution
		Debug|x64 = Debug|x64
		Debug|x86 = Debug|x86
		Release|x64 = Release|x64
		Release|x86 = Release|x86
	EndGlobalSection
	GlobalSection(ProjectConfigurationPlatforms) = postSolution
		{D1D84B4C-3E16-437C-A9F5-C9193C2FAB1B}.Debug|x64.ActiveCfg = Debug|x64
		{D1D84B4C-3E16-437C-A9F5-C9193C2FAB1B}.Debug|x64.Build.0 = Debug|x64
		{D1D84B4C-3E16-437C-A9F5-C9193C2FAB1B}.Debug|x86.ActiveCfg = Debug|Win32
		{D1D84B4C-3E16-437C-A9F5-C9193C2FAB1B}.Debug|x86.Build.0 = Debug|Win32
		{D1D84B4C-3E16-437C-A9F5-C9193C2FAB1B}.Release|x64.ActiveCfg = Release|x64
		{D1D84B4C-3E16-437C-A9F5-C9193C2FAB1B}.Release|x64.Build.0 = Release|x64
		{D1D84B4C-3E16-437C-A9F5-C9193C2FAB1B}.Release|x86.ActiveCfg = Release|Win32
		{D1D84B4C-3E16-437C-A9F5-C9193C2FAB1B}.Release|x86.Build.0 = Release|Win32
	EndGlobalSection
	GlobalSection(SolutionProperties) = preSolution
		HideSolutionNode = FALSE
	EndGlobalSection
	GlobalSection(ExtensibilityGlobals) = postSolution
		SolutionGuid = {1C5AD669-A993-4E69-8199-70BB9324128D}
	EndGlobalSection
EndGlobal
